// !$*UTF8*$!
{
	archiveVersion = 1;
	classes = {
	};
	objectVersion = 50;
	objects = {

/* Begin PBXBuildFile section */
		18BA463F2523425C00647376 /* AppDelegate.swift in Sources */ = {isa = PBXBuildFile; fileRef = 18BA463E2523425C00647376 /* AppDelegate.swift */; };
		18BA46412523425C00647376 /* SceneDelegate.swift in Sources */ = {isa = PBXBuildFile; fileRef = 18BA46402523425C00647376 /* SceneDelegate.swift */; };
		18BA46432523425C00647376 /* ViewController.swift in Sources */ = {isa = PBXBuildFile; fileRef = 18BA46422523425C00647376 /* ViewController.swift */; };
		18BA46462523425C00647376 /* Main.storyboard in Resources */ = {isa = PBXBuildFile; fileRef = 18BA46442523425C00647376 /* Main.storyboard */; };
		18BA46492523425C00647376 /* Seafood.xcdatamodeld in Sources */ = {isa = PBXBuildFile; fileRef = 18BA46472523425C00647376 /* Seafood.xcdatamodeld */; };
		18BA464B2523426200647376 /* Assets.xcassets in Resources */ = {isa = PBXBuildFile; fileRef = 18BA464A2523426200647376 /* Assets.xcassets */; };
		18BA464E2523426200647376 /* LaunchScreen.storyboard in Resources */ = {isa = PBXBuildFile; fileRef = 18BA464C2523426200647376 /* LaunchScreen.storyboard */; };
		18BA46592523426200647376 /* SeafoodTests.swift in Sources */ = {isa = PBXBuildFile; fileRef = 18BA46582523426200647376 /* SeafoodTests.swift */; };
		18BA46642523426300647376 /* SeafoodUITests.swift in Sources */ = {isa = PBXBuildFile; fileRef = 18BA46632523426300647376 /* SeafoodUITests.swift */; };
		18BA46722523428E00647376 /* Inceptionv3.mlmodel in Sources */ = {isa = PBXBuildFile; fileRef = 18BA46712523428E00647376 /* Inceptionv3.mlmodel */; };
/* End PBXBuildFile section */

/* Begin PBXContainerItemProxy section */
		18BA46552523426200647376 /* PBXContainerItemProxy */ = {
			isa = PBXContainerItemProxy;
			containerPortal = 18BA46332523425C00647376 /* Project object */;
			proxyType = 1;
			remoteGlobalIDString = 18BA463A2523425C00647376;
			remoteInfo = Seafood;
		};
		18BA46602523426300647376 /* PBXContainerItemProxy */ = {
			isa = PBXContainerItemProxy;
			containerPortal = 18BA46332523425C00647376 /* Project object */;
			proxyType = 1;
			remoteGlobalIDString = 18BA463A2523425C00647376;
			remoteInfo = Seafood;
		};
/* End PBXContainerItemProxy section */

/* Begin PBXFileReference section */
		18BA463B2523425C00647376 /* Seafood.app */ = {isa = PBXFileReference; explicitFileType = wrapper.application; includeInIndex = 0; path = Seafood.app; sourceTree = BUILT_PRODUCTS_DIR; };
		18BA463E2523425C00647376 /* AppDelegate.swift */ = {isa = PBXFileReference; lastKnownFileType = sourcecode.swift; path = AppDelegate.swift; sourceTree = "<group>"; };
		18BA46402523425C00647376 /* SceneDelegate.swift */ = {isa = PBXFileReference; lastKnownFileType = sourcecode.swift; path = SceneDelegate.swift; sourceTree = "<group>"; };
		18BA46422523425C00647376 /* ViewController.swift */ = {isa = PBXFileReference; lastKnownFileType = sourcecode.swift; path = ViewController.swift; sourceTree = "<group>"; };
		18BA46452523425C00647376 /* Base */ = {isa = PBXFileReference; lastKnownFileType = file.storyboard; name = Base; path = Base.lproj/Main.storyboard; sourceTree = "<group>"; };
		18BA46482523425C00647376 /* Seafood.xcdatamodel */ = {isa = PBXFileReference; lastKnownFileType = wrapper.xcdatamodel; path = Seafood.xcdatamodel; sourceTree = "<group>"; };
		18BA464A2523426200647376 /* Assets.xcassets */ = {isa = PBXFileReference; lastKnownFileType = folder.assetcatalog; path = Assets.xcassets; sourceTree = "<group>"; };
		18BA464D2523426200647376 /* Base */ = {isa = PBXFileReference; lastKnownFileType = file.storyboard; name = Base; path = Base.lproj/LaunchScreen.storyboard; sourceTree = "<group>"; };
		18BA464F2523426200647376 /* Info.plist */ = {isa = PBXFileReference; lastKnownFileType = text.plist.xml; path = Info.plist; sourceTree = "<group>"; };
		18BA46542523426200647376 /* SeafoodTests.xctest */ = {isa = PBXFileReference; explicitFileType = wrapper.cfbundle; includeInIndex = 0; path = SeafoodTests.xctest; sourceTree = BUILT_PRODUCTS_DIR; };
		18BA46582523426200647376 /* SeafoodTests.swift */ = {isa = PBXFileReference; lastKnownFileType = sourcecode.swift; path = SeafoodTests.swift; sourceTree = "<group>"; };
		18BA465A2523426200647376 /* Info.plist */ = {isa = PBXFileReference; lastKnownFileType = text.plist.xml; path = Info.plist; sourceTree = "<group>"; };
		18BA465F2523426300647376 /* SeafoodUITests.xctest */ = {isa = PBXFileReference; explicitFileType = wrapper.cfbundle; includeInIndex = 0; path = SeafoodUITests.xctest; sourceTree = BUILT_PRODUCTS_DIR; };
		18BA46632523426300647376 /* SeafoodUITests.swift */ = {isa = PBXFileReference; lastKnownFileType = sourcecode.swift; path = SeafoodUITests.swift; sourceTree = "<group>"; };
		18BA46652523426300647376 /* Info.plist */ = {isa = PBXFileReference; lastKnownFileType = text.plist.xml; path = Info.plist; sourceTree = "<group>"; };
		18BA46712523428E00647376 /* Inceptionv3.mlmodel */ = {isa = PBXFileReference; lastKnownFileType = file.mlmodel; path = Inceptionv3.mlmodel; sourceTree = "<group>"; };
/* End PBXFileReference section */

/* Begin PBXFrameworksBuildPhase section */
		18BA46382523425C00647376 /* Frameworks */ = {
			isa = PBXFrameworksBuildPhase;
			buildActionMask = 2147483647;
			files = (
			);
			runOnlyForDeploymentPostprocessing = 0;
		};
		18BA46512523426200647376 /* Frameworks */ = {
			isa = PBXFrameworksBuildPhase;
			buildActionMask = 2147483647;
			files = (
			);
			runOnlyForDeploymentPostprocessing = 0;
		};
		18BA465C2523426300647376 /* Frameworks */ = {
			isa = PBXFrameworksBuildPhase;
			buildActionMask = 2147483647;
			files = (
			);
			runOnlyForDeploymentPostprocessing = 0;
		};
/* End PBXFrameworksBuildPhase section */

/* Begin PBXGroup section */
		18BA46322523425C00647376 = {
			isa = PBXGroup;
			children = (
				18BA463D2523425C00647376 /* Seafood */,
				18BA46572523426200647376 /* SeafoodTests */,
				18BA46622523426300647376 /* SeafoodUITests */,
				18BA463C2523425C00647376 /* Products */,
			);
			sourceTree = "<group>";
		};
		18BA463C2523425C00647376 /* Products */ = {
			isa = PBXGroup;
			children = (
				18BA463B2523425C00647376 /* Seafood.app */,
				18BA46542523426200647376 /* SeafoodTests.xctest */,
				18BA465F2523426300647376 /* SeafoodUITests.xctest */,
			);
			name = Products;
			sourceTree = "<group>";
		};
		18BA463D2523425C00647376 /* Seafood */ = {
			isa = PBXGroup;
			children = (
				18BA463E2523425C00647376 /* AppDelegate.swift */,
				18BA46402523425C00647376 /* SceneDelegate.swift */,
				18BA46422523425C00647376 /* ViewController.swift */,
				18BA46442523425C00647376 /* Main.storyboard */,
				18BA464A2523426200647376 /* Assets.xcassets */,
				18BA46712523428E00647376 /* Inceptionv3.mlmodel */,
				18BA464C2523426200647376 /* LaunchScreen.storyboard */,
				18BA464F2523426200647376 /* Info.plist */,
				18BA46472523425C00647376 /* Seafood.xcdatamodeld */,
			);
			path = Seafood;
			sourceTree = "<group>";
		};
		18BA46572523426200647376 /* SeafoodTests */ = {
			isa = PBXGroup;
			children = (
				18BA46582523426200647376 /* SeafoodTests.swift */,
				18BA465A2523426200647376 /* Info.plist */,
			);
			path = SeafoodTests;
			sourceTree = "<group>";
		};
		18BA46622523426300647376 /* SeafoodUITests */ = {
			isa = PBXGroup;
			children = (
				18BA46632523426300647376 /* SeafoodUITests.swift */,
				18BA46652523426300647376 /* Info.plist */,
			);
			path = SeafoodUITests;
			sourceTree = "<group>";
		};
/* End PBXGroup section */

/* Begin PBXNativeTarget section */
		18BA463A2523425C00647376 /* Seafood */ = {
			isa = PBXNativeTarget;
			buildConfigurationList = 18BA46682523426300647376 /* Build configuration list for PBXNativeTarget "Seafood" */;
			buildPhases = (
				18BA46372523425C00647376 /* Sources */,
				18BA46382523425C00647376 /* Frameworks */,
				18BA46392523425C00647376 /* Resources */,
			);
			buildRules = (
			);
			dependencies = (
			);
			name = Seafood;
			productName = Seafood;
			productReference = 18BA463B2523425C00647376 /* Seafood.app */;
			productType = "com.apple.product-type.application";
		};
		18BA46532523426200647376 /* SeafoodTests */ = {
			isa = PBXNativeTarget;
			buildConfigurationList = 18BA466B2523426300647376 /* Build configuration list for PBXNativeTarget "SeafoodTests" */;
			buildPhases = (
				18BA46502523426200647376 /* Sources */,
				18BA46512523426200647376 /* Frameworks */,
				18BA46522523426200647376 /* Resources */,
			);
			buildRules = (
			);
			dependencies = (
				18BA46562523426200647376 /* PBXTargetDependency */,
			);
			name = SeafoodTests;
			productName = SeafoodTests;
			productReference = 18BA46542523426200647376 /* SeafoodTests.xctest */;
			productType = "com.apple.product-type.bundle.unit-test";
		};
		18BA465E2523426300647376 /* SeafoodUITests */ = {
			isa = PBXNativeTarget;
			buildConfigurationList = 18BA466E2523426300647376 /* Build configuration list for PBXNativeTarget "SeafoodUITests" */;
			buildPhases = (
				18BA465B2523426300647376 /* Sources */,
				18BA465C2523426300647376 /* Frameworks */,
				18BA465D2523426300647376 /* Resources */,
			);
			buildRules = (
			);
			dependencies = (
				18BA46612523426300647376 /* PBXTargetDependency */,
			);
			name = SeafoodUITests;
			productName = SeafoodUITests;
			productReference = 18BA465F2523426300647376 /* SeafoodUITests.xctest */;
			productType = "com.apple.product-type.bundle.ui-testing";
		};
/* End PBXNativeTarget section */

/* Begin PBXProject section */
		18BA46332523425C00647376 /* Project object */ = {
			isa = PBXProject;
			attributes = {
				LastSwiftUpdateCheck = 1140;
				LastUpgradeCheck = 1140;
				ORGANIZATIONNAME = umer;
				TargetAttributes = {
					18BA463A2523425C00647376 = {
						CreatedOnToolsVersion = 11.4;
					};
					18BA46532523426200647376 = {
						CreatedOnToolsVersion = 11.4;
						TestTargetID = 18BA463A2523425C00647376;
					};
					18BA465E2523426300647376 = {
						CreatedOnToolsVersion = 11.4;
						TestTargetID = 18BA463A2523425C00647376;
					};
				};
			};
			buildConfigurationList = 18BA46362523425C00647376 /* Build configuration list for PBXProject "Seafood" */;
			compatibilityVersion = "Xcode 9.3";
			developmentRegion = en;
			hasScannedForEncodings = 0;
			knownRegions = (
				en,
				Base,
			);
			mainGroup = 18BA46322523425C00647376;
			productRefGroup = 18BA463C2523425C00647376 /* Products */;
			projectDirPath = "";
			projectRoot = "";
			targets = (
				18BA463A2523425C00647376 /* Seafood */,
				18BA46532523426200647376 /* SeafoodTests */,
				18BA465E2523426300647376 /* SeafoodUITests */,
			);
		};
/* End PBXProject section */

/* Begin PBXResourcesBuildPhase section */
		18BA46392523425C00647376 /* Resources */ = {
			isa = PBXResourcesBuildPhase;
			buildActionMask = 2147483647;
			files = (
				18BA464E2523426200647376 /* LaunchScreen.storyboard in Resources */,
				18BA464B2523426200647376 /* Assets.xcassets in Resources */,
				18BA46462523425C00647376 /* Main.storyboard in Resources */,
			);
			runOnlyForDeploymentPostprocessing = 0;
		};
		18BA46522523426200647376 /* Resources */ = {
			isa = PBXResourcesBuildPhase;
			buildActionMask = 2147483647;
			files = (
			);
			runOnlyForDeploymentPostprocessing = 0;
		};
		18BA465D2523426300647376 /* Resources */ = {
			isa = PBXResourcesBuildPhase;
			buildActionMask = 2147483647;
			files = (
			);
			runOnlyForDeploymentPostprocessing = 0;
		};
/* End PBXResourcesBuildPhase section */

/* Begin PBXSourcesBuildPhase section */
		18BA46372523425C00647376 /* Sources */ = {
			isa = PBXSourcesBuildPhase;
			buildActionMask = 2147483647;
			files = (
				18BA46722523428E00647376 /* Inceptionv3.mlmodel in Sources */,
				18BA46432523425C00647376 /* ViewController.swift in Sources */,
				18BA46492523425C00647376 /* Seafood.xcdatamodeld in Sources */,
				18BA463F2523425C00647376 /* AppDelegate.swift in Sources */,
				18BA46412523425C00647376 /* SceneDelegate.swift in Sources */,
			);
			runOnlyForDeploymentPostprocessing = 0;
		};
		18BA46502523426200647376 /* Sources */ = {
			isa = PBXSourcesBuildPhase;
			buildActionMask = 2147483647;
			files = (
				18BA46592523426200647376 /* SeafoodTests.swift in Sources */,
			);
			runOnlyForDeploymentPostprocessing = 0;
		};
		18BA465B2523426300647376 /* Sources */ = {
			isa = PBXSourcesBuildPhase;
			buildActionMask = 2147483647;
			files = (
				18BA46642523426300647376 /* SeafoodUITests.swift in Sources */,
			);
			runOnlyForDeploymentPostprocessing = 0;
		};
/* End PBXSourcesBuildPhase section */

/* Begin PBXTargetDependency section */
		18BA46562523426200647376 /* PBXTargetDependency */ = {
			isa = PBXTargetDependency;
			target = 18BA463A2523425C00647376 /* Seafood */;
			targetProxy = 18BA46552523426200647376 /* PBXContainerItemProxy */;
		};
		18BA46612523426300647376 /* PBXTargetDependency */ = {
			isa = PBXTargetDependency;
			target = 18BA463A2523425C00647376 /* Seafood */;
			targetProxy = 18BA46602523426300647376 /* PBXContainerItemProxy */;
		};
/* End PBXTargetDependency section */

/* Begin PBXVariantGroup section */
		18BA46442523425C00647376 /* Main.storyboard */ = {
			isa = PBXVariantGroup;
			children = (
				18BA46452523425C00647376 /* Base */,
			);
			name = Main.storyboard;
			sourceTree = "<group>";
		};
		18BA464C2523426200647376 /* LaunchScreen.storyboard */ = {
			isa = PBXVariantGroup;
			children = (
				18BA464D2523426200647376 /* Base */,
			);
			name = LaunchScreen.storyboard;
			sourceTree = "<group>";
		};
/* End PBXVariantGroup section */

/* Begin XCBuildConfiguration section */
		18BA46662523426300647376 /* Debug */ = {
			isa = XCBuildConfiguration;
			buildSettings = {
				ALWAYS_SEARCH_USER_PATHS = NO;
				CLANG_ANALYZER_NONNULL = YES;
				CLANG_ANALYZER_NUMBER_OBJECT_CONVERSION = YES_AGGRESSIVE;
				CLANG_CXX_LANGUAGE_STANDARD = "gnu++14";
				CLANG_CXX_LIBRARY = "libc++";
				CLANG_ENABLE_MODULES = YES;
				CLANG_ENABLE_OBJC_ARC = YES;
				CLANG_ENABLE_OBJC_WEAK = YES;
				CLANG_WARN_BLOCK_CAPTURE_AUTORELEASING = YES;
				CLANG_WARN_BOOL_CONVERSION = YES;
				CLANG_WARN_COMMA = YES;
				CLANG_WARN_CONSTANT_CONVERSION = YES;
				CLANG_WARN_DEPRECATED_OBJC_IMPLEMENTATIONS = YES;
				CLANG_WARN_DIRECT_OBJC_ISA_USAGE = YES_ERROR;
				CLANG_WARN_DOCUMENTATION_COMMENTS = YES;
				CLANG_WARN_EMPTY_BODY = YES;
				CLANG_WARN_ENUM_CONVERSION = YES;
				CLANG_WARN_INFINITE_RECURSION = YES;
				CLANG_WARN_INT_CONVERSION = YES;
				CLANG_WARN_NON_LITERAL_NULL_CONVERSION = YES;
				CLANG_WARN_OBJC_IMPLICIT_RETAIN_SELF = YES;
				CLANG_WARN_OBJC_LITERAL_CONVERSION = YES;
				CLANG_WARN_OBJC_ROOT_CLASS = YES_ERROR;
				CLANG_WARN_RANGE_LOOP_ANALYSIS = YES;
				CLANG_WARN_STRICT_PROTOTYPES = YES;
				CLANG_WARN_SUSPICIOUS_MOVE = YES;
				CLANG_WARN_UNGUARDED_AVAILABILITY = YES_AGGRESSIVE;
				CLANG_WARN_UNREACHABLE_CODE = YES;
				CLANG_WARN__DUPLICATE_METHOD_MATCH = YES;
				COPY_PHASE_STRIP = NO;
				DEBUG_INFORMATION_FORMAT = dwarf;
				ENABLE_STRICT_OBJC_MSGSEND = YES;
				ENABLE_TESTABILITY = YES;
				GCC_C_LANGUAGE_STANDARD = gnu11;
				GCC_DYNAMIC_NO_PIC = NO;
				GCC_NO_COMMON_BLOCKS = YES;
				GCC_OPTIMIZATION_LEVEL = 0;
				GCC_PREPROCESSOR_DEFINITIONS = (
					"DEBUG=1",
					"$(inherited)",
				);
				GCC_WARN_64_TO_32_BIT_CONVERSION = YES;
				GCC_WARN_ABOUT_RETURN_TYPE = YES_ERROR;
				GCC_WARN_UNDECLARED_SELECTOR = YES;
				GCC_WARN_UNINITIALIZED_AUTOS = YES_AGGRESSIVE;
				GCC_WARN_UNUSED_FUNCTION = YES;
				GCC_WARN_UNUSED_VARIABLE = YES;
				IPHONEOS_DEPLOYMENT_TARGET = 13.4;
				MTL_ENABLE_DEBUG_INFO = INCLUDE_SOURCE;
				MTL_FAST_MATH = YES;
				ONLY_ACTIVE_ARCH = YES;
				SDKROOT = iphoneos;
				SWIFT_ACTIVE_COMPILATION_CONDITIONS = DEBUG;
				SWIFT_OPTIMIZATION_LEVEL = "-Onone";
			};
			name = Debug;
		};
		18BA46672523426300647376 /* Release */ = {
			isa = XCBuildConfiguration;
			buildSettings = {
				ALWAYS_SEARCH_USER_PATHS = NO;
				CLANG_ANALYZER_NONNULL = YES;
				CLANG_ANALYZER_NUMBER_OBJECT_CONVERSION = YES_AGGRESSIVE;
				CLANG_CXX_LANGUAGE_STANDARD = "gnu++14";
				CLANG_CXX_LIBRARY = "libc++";
				CLANG_ENABLE_MODULES = YES;
				CLANG_ENABLE_OBJC_ARC = YES;
				CLANG_ENABLE_OBJC_WEAK = YES;
				CLANG_WARN_BLOCK_CAPTURE_AUTORELEASING = YES;
				CLANG_WARN_BOOL_CONVERSION = YES;
				CLANG_WARN_COMMA = YES;
				CLANG_WARN_CONSTANT_CONVERSION = YES;
				CLANG_WARN_DEPRECATED_OBJC_IMPLEMENTATIONS = YES;
				CLANG_WARN_DIRECT_OBJC_ISA_USAGE = YES_ERROR;
				CLANG_WARN_DOCUMENTATION_COMMENTS = YES;
				CLANG_WARN_EMPTY_BODY = YES;
				CLANG_WARN_ENUM_CONVERSION = YES;
				CLANG_WARN_INFINITE_RECURSION = YES;
				CLANG_WARN_INT_CONVERSION = YES;
				CLANG_WARN_NON_LITERAL_NULL_CONVERSION = YES;
				CLANG_WARN_OBJC_IMPLICIT_RETAIN_SELF = YES;
				CLANG_WARN_OBJC_LITERAL_CONVERSION = YES;
				CLANG_WARN_OBJC_ROOT_CLASS = YES_ERROR;
				CLANG_WARN_RANGE_LOOP_ANALYSIS = YES;
				CLANG_WARN_STRICT_PROTOTYPES = YES;
				CLANG_WARN_SUSPICIOUS_MOVE = YES;
				CLANG_WARN_UNGUARDED_AVAILABILITY = YES_AGGRESSIVE;
				CLANG_WARN_UNREACHABLE_CODE = YES;
				CLANG_WARN__DUPLICATE_METHOD_MATCH = YES;
				COPY_PHASE_STRIP = NO;
				DEBUG_INFORMATION_FORMAT = "dwarf-with-dsym";
				ENABLE_NS_ASSERTIONS = NO;
				ENABLE_STRICT_OBJC_MSGSEND = YES;
				GCC_C_LANGUAGE_STANDARD = gnu11;
				GCC_NO_COMMON_BLOCKS = YES;
				GCC_WARN_64_TO_32_BIT_CONVERSION = YES;
				GCC_WARN_ABOUT_RETURN_TYPE = YES_ERROR;
				GCC_WARN_UNDECLARED_SELECTOR = YES;
				GCC_WARN_UNINITIALIZED_AUTOS = YES_AGGRESSIVE;
				GCC_WARN_UNUSED_FUNCTION = YES;
				GCC_WARN_UNUSED_VARIABLE = YES;
				IPHONEOS_DEPLOYMENT_TARGET = 13.4;
				MTL_ENABLE_DEBUG_INFO = NO;
				MTL_FAST_MATH = YES;
				SDKROOT = iphoneos;
				SWIFT_COMPILATION_MODE = wholemodule;
				SWIFT_OPTIMIZATION_LEVEL = "-O";
				VALIDATE_PRODUCT = YES;
			};
			name = Release;
		};
		18BA46692523426300647376 /* Debug */ = {
			isa = XCBuildConfiguration;
			buildSettings = {
				ASSETCATALOG_COMPILER_APPICON_NAME = AppIcon;
				CODE_SIGN_STYLE = Automatic;
				DEVELOPMENT_TEAM = 9YC59NJSQG;
				INFOPLIST_FILE = Seafood/Info.plist;
				LD_RUNPATH_SEARCH_PATHS = (
					"$(inherited)",
					"@executable_path/Frameworks",
				);
				PRODUCT_BUNDLE_IDENTIFIER = umer.Seafood;
				PRODUCT_NAME = "$(TARGET_NAME)";
				SWIFT_VERSION = 5.0;
				TARGETED_DEVICE_FAMILY = "1,2";
			};
			name = Debug;
		};
		18BA466A2523426300647376 /* Release */ = {
			isa = XCBuildConfiguration;
			buildSettings = {
				ASSETCATALOG_COMPILER_APPICON_NAME = AppIcon;
				CODE_SIGN_STYLE = Automatic;
				DEVELOPMENT_TEAM = 9YC59NJSQG;
				INFOPLIST_FILE = Seafood/Info.plist;
				LD_RUNPATH_SEARCH_PATHS = (
					"$(inherited)",
					"@executable_path/Frameworks",
				);
				PRODUCT_BUNDLE_IDENTIFIER = umer.Seafood;
				PRODUCT_NAME = "$(TARGET_NAME)";
				SWIFT_VERSION = 5.0;
				TARGETED_DEVICE_FAMILY = "1,2";
			};
			name = Release;
		};
		18BA466C2523426300647376 /* Debug */ = {
			isa = XCBuildConfiguration;
			buildSettings = {
				ALWAYS_EMBED_SWIFT_STANDARD_LIBRARIES = YES;
				BUNDLE_LOADER = "$(TEST_HOST)";
				CODE_SIGN_STYLE = Automatic;
				DEVELOPMENT_TEAM = 9YC59NJSQG;
				INFOPLIST_FILE = SeafoodTests/Info.plist;
				IPHONEOS_DEPLOYMENT_TARGET = 13.4;
				LD_RUNPATH_SEARCH_PATHS = (
					"$(inherited)",
					"@executable_path/Frameworks",
					"@loader_path/Frameworks",
				);
				PRODUCT_BUNDLE_IDENTIFIER = umer.SeafoodTests;
				PRODUCT_NAME = "$(TARGET_NAME)";
				SWIFT_VERSION = 5.0;
				TARGETED_DEVICE_FAMILY = "1,2";
				TEST_HOST = "$(BUILT_PRODUCTS_DIR)/Seafood.app/Seafood";
			};
			name = Debug;
		};
		18BA466D2523426300647376 /* Release */ = {
			isa = XCBuildConfiguration;
			buildSettings = {
				ALWAYS_EMBED_SWIFT_STANDARD_LIBRARIES = YES;
				BUNDLE_LOADER = "$(TEST_HOST)";
				CODE_SIGN_STYLE = Automatic;
				DEVELOPMENT_TEAM = 9YC59NJSQG;
				INFOPLIST_FILE = SeafoodTests/Info.plist;
				IPHONEOS_DEPLOYMENT_TARGET = 13.4;
				LD_RUNPATH_SEARCH_PATHS = (
					"$(inherited)",
					"@executable_path/Frameworks",
					"@loader_path/Frameworks",
				);
				PRODUCT_BUNDLE_IDENTIFIER = umer.SeafoodTests;
				PRODUCT_NAME = "$(TARGET_NAME)";
				SWIFT_VERSION = 5.0;
				TARGETED_DEVICE_FAMILY = "1,2";
				TEST_HOST = "$(BUILT_PRODUCTS_DIR)/Seafood.app/Seafood";
			};
			name = Release;
		};
		18BA466F2523426300647376 /* Debug */ = {
			isa = XCBuildConfiguration;
			buildSettings = {
				ALWAYS_EMBED_SWIFT_STANDARD_LIBRARIES = YES;
				CODE_SIGN_STYLE = Automatic;
				DEVELOPMENT_TEAM = 9YC59NJSQG;
				INFOPLIST_FILE = SeafoodUITests/Info.plist;
				LD_RUNPATH_SEARCH_PATHS = (
					"$(inherited)",
					"@executable_path/Frameworks",
					"@loader_path/Frameworks",
				);
				PRODUCT_BUNDLE_IDENTIFIER = umer.SeafoodUITests;
				PRODUCT_NAME = "$(TARGET_NAME)";
				SWIFT_VERSION = 5.0;
				TARGETED_DEVICE_FAMILY = "1,2";
				TEST_TARGET_NAME = Seafood;
			};
			name = Debug;
		};
		18BA46702523426300647376 /* Release */ = {
			isa = XCBuildConfiguration;
			buildSettings = {
				ALWAYS_EMBED_SWIFT_STANDARD_LIBRARIES = YES;
				CODE_SIGN_STYLE = Automatic;
				DEVELOPMENT_TEAM = 9YC59NJSQG;
				INFOPLIST_FILE = SeafoodUITests/Info.plist;
				LD_RUNPATH_SEARCH_PATHS = (
					"$(inherited)",
					"@executable_path/Frameworks",
					"@loader_path/Frameworks",
				);
				PRODUCT_BUNDLE_IDENTIFIER = umer.SeafoodUITests;
				PRODUCT_NAME = "$(TARGET_NAME)";
				SWIFT_VERSION = 5.0;
				TARGETED_DEVICE_FAMILY = "1,2";
				TEST_TARGET_NAME = Seafood;
			};
			name = Release;
		};
/* End XCBuildConfiguration section */

/* Begin XCConfigurationList section */
		18BA46362523425C00647376 /* Build configuration list for PBXProject "Seafood" */ = {
			isa = XCConfigurationList;
			buildConfigurations = (
				18BA46662523426300647376 /* Debug */,
				18BA46672523426300647376 /* Release */,
			);
			defaultConfigurationIsVisible = 0;
			defaultConfigurationName = Release;
		};
		18BA46682523426300647376 /* Build configuration list for PBXNativeTarget "Seafood" */ = {
			isa = XCConfigurationList;
			buildConfigurations = (
				18BA46692523426300647376 /* Debug */,
				18BA466A2523426300647376 /* Release */,
			);
			defaultConfigurationIsVisible = 0;
			defaultConfigurationName = Release;
		};
		18BA466B2523426300647376 /* Build configuration list for PBXNativeTarget "SeafoodTests" */ = {
			isa = XCConfigurationList;
			buildConfigurations = (
				18BA466C2523426300647376 /* Debug */,
				18BA466D2523426300647376 /* Release */,
			);
			defaultConfigurationIsVisible = 0;
			defaultConfigurationName = Release;
		};
		18BA466E2523426300647376 /* Build configuration list for PBXNativeTarget "SeafoodUITests" */ = {
			isa = XCConfigurationList;
			buildConfigurations = (
				18BA466F2523426300647376 /* Debug */,
				18BA46702523426300647376 /* Release */,
			);
			defaultConfigurationIsVisible = 0;
			defaultConfigurationName = Release;
		};
/* End XCConfigurationList section */

/* Begin XCVersionGroup section */
		18BA46472523425C00647376 /* Seafood.xcdatamodeld */ = {
			isa = XCVersionGroup;
			children = (
				18BA46482523425C00647376 /* Seafood.xcdatamodel */,
			);
			currentVersion = 18BA46482523425C00647376 /* Seafood.xcdatamodel */;
			path = Seafood.xcdatamodeld;
			sourceTree = "<group>";
			versionGroupType = wrapper.xcdatamodel;
		};
/* End XCVersionGroup section */
	};
	rootObject = 18BA46332523425C00647376 /* Project object */;
}
